{
	"name": "rbxm-suite",
	"version": "2.2.0",
	"lockfileVersion": 2,
	"requires": true,
	"packages": {
		"": {
			"name": "rbxm-suite",
			"version": "2.2.0",
			"license": "MIT",
			"devDependencies": {
				"luamin": "^1.0.4"
			}
		},
		"node_modules/luamin": {
			"version": "1.0.4",
			"resolved": "https://registry.npmjs.org/luamin/-/luamin-1.0.4.tgz",
			"integrity": "sha512-z1h0bclRD/QGsS/Dz4Skp9z0qPTmmm+IKcrCapGmdTczPWVdN9f9jk6WqkNrcifQr8+n9Pzsm9WkwpOH1JBUAQ==",
			"dev": true,
			"dependencies": {
				"luaparse": "^0.2.1"
			},
			"bin": {
				"luamin": "bin/luamin"
			}
		},
		"node_modules/luaparse": {
			"version": "0.2.1",
			"resolved": "https://registry.npmjs.org/luaparse/-/luaparse-0.2.1.tgz",
			"integrity": "sha1-qo9WEysN6X0388mRqd9C4OF/ZWw=",
			"dev": true,
			"bin": {
				"luaparse": "bin/luaparse"
			}
		}
	},
	"dependencies": {
		"luamin": {
			"version": "1.0.4",
			"resolved": "https://registry.npmjs.org/luamin/-/luamin-1.0.4.tgz",
			"integrity": "sha512-z1h0bclRD/QGsS/Dz4Skp9z0qPTmmm+IKcrCapGmdTczPWVdN9f9jk6WqkNrcifQr8+n9Pzsm9WkwpOH1JBUAQ==",
			"dev": true,
			"requires": {
				"luaparse": "^0.2.1"
			}
		},
		"luaparse": {
			"version": "0.2.1",
			"resolved": "https://registry.npmjs.org/luaparse/-/luaparse-0.2.1.tgz",
			"integrity": "sha1-qo9WEysN6X0388mRqd9C4OF/ZWw=",
			"dev": true
		}
	}
}
